// !$*UTF8*$!
{
	archiveVersion = 1;
	classes = {
	};
	objectVersion = 50;
	objects = {

/* Begin PBXBuildFile section */
		EC1D7F2D2196FD5100D1545F /* AppDelegate.swift in Sources */ = {isa = PBXBuildFile; fileRef = EC1D7F2C2196FD5100D1545F /* AppDelegate.swift */; };
		EC1D7F2F2196FD5100D1545F /* ViewController.swift in Sources */ = {isa = PBXBuildFile; fileRef = EC1D7F2E2196FD5100D1545F /* ViewController.swift */; };
		EC1D7F322196FD5100D1545F /* Main.storyboard in Resources */ = {isa = PBXBuildFile; fileRef = EC1D7F302196FD5100D1545F /* Main.storyboard */; };
		EC1D7F342196FD5200D1545F /* Assets.xcassets in Resources */ = {isa = PBXBuildFile; fileRef = EC1D7F332196FD5200D1545F /* Assets.xcassets */; };
		EC1D7F372196FD5200D1545F /* LaunchScreen.storyboard in Resources */ = {isa = PBXBuildFile; fileRef = EC1D7F352196FD5200D1545F /* LaunchScreen.storyboard */; };
		EC1D7F3F2196FDAE00D1545F /* CIImage+compressedBy.swift in Sources */ = {isa = PBXBuildFile; fileRef = EC1D7F3E2196FDAE00D1545F /* CIImage+compressedBy.swift */; };
		EC1D7F412196FDD800D1545F /* Client.swift in Sources */ = {isa = PBXBuildFile; fileRef = EC1D7F402196FDD800D1545F /* Client.swift */; };
		EC1D7F432196FDE300D1545F /* Server.swift in Sources */ = {isa = PBXBuildFile; fileRef = EC1D7F422196FDE300D1545F /* Server.swift */; };
		EC4DA93D2197235D0059D22B /* Constants.swift in Sources */ = {isa = PBXBuildFile; fileRef = EC4DA93C2197235D0059D22B /* Constants.swift */; };
/* End PBXBuildFile section */

/* Begin PBXFileReference section */
		EC1D7F292196FD5100D1545F /* NetworkLocalStreaming.app */ = {isa = PBXFileReference; explicitFileType = wrapper.application; includeInIndex = 0; path = NetworkLocalStreaming.app; sourceTree = BUILT_PRODUCTS_DIR; };
		EC1D7F2C2196FD5100D1545F /* AppDelegate.swift */ = {isa = PBXFileReference; lastKnownFileType = sourcecode.swift; path = AppDelegate.swift; sourceTree = "<group>"; };
		EC1D7F2E2196FD5100D1545F /* ViewController.swift */ = {isa = PBXFileReference; lastKnownFileType = sourcecode.swift; path = ViewController.swift; sourceTree = "<group>"; };
		EC1D7F312196FD5100D1545F /* Base */ = {isa = PBXFileReference; lastKnownFileType = file.storyboard; name = Base; path = Base.lproj/Main.storyboard; sourceTree = "<group>"; };
		EC1D7F332196FD5200D1545F /* Assets.xcassets */ = {isa = PBXFileReference; lastKnownFileType = folder.assetcatalog; path = Assets.xcassets; sourceTree = "<group>"; };
		EC1D7F362196FD5200D1545F /* Base */ = {isa = PBXFileReference; lastKnownFileType = file.storyboard; name = Base; path = Base.lproj/LaunchScreen.storyboard; sourceTree = "<group>"; };
		EC1D7F382196FD5200D1545F /* Info.plist */ = {isa = PBXFileReference; lastKnownFileType = text.plist.xml; path = Info.plist; sourceTree = "<group>"; };
		EC1D7F3E2196FDAE00D1545F /* CIImage+compressedBy.swift */ = {isa = PBXFileReference; lastKnownFileType = sourcecode.swift; path = "CIImage+compressedBy.swift"; sourceTree = "<group>"; };
		EC1D7F402196FDD800D1545F /* Client.swift */ = {isa = PBXFileReference; lastKnownFileType = sourcecode.swift; path = Client.swift; sourceTree = "<group>"; };
		EC1D7F422196FDE300D1545F /* Server.swift */ = {isa = PBXFileReference; lastKnownFileType = sourcecode.swift; path = Server.swift; sourceTree = "<group>"; };
		EC4DA93C2197235D0059D22B /* Constants.swift */ = {isa = PBXFileReference; lastKnownFileType = sourcecode.swift; path = Constants.swift; sourceTree = "<group>"; };
/* End PBXFileReference section */

/* Begin PBXFrameworksBuildPhase section */
		EC1D7F262196FD5100D1545F /* Frameworks */ = {
			isa = PBXFrameworksBuildPhase;
			buildActionMask = 2147483647;
			files = (
			);
			runOnlyForDeploymentPostprocessing = 0;
		};
/* End PBXFrameworksBuildPhase section */

/* Begin PBXGroup section */
		EC1D7F202196FD5100D1545F = {
			isa = PBXGroup;
			children = (
				EC1D7F2B2196FD5100D1545F /* NetworkLocalStreaming */,
				EC1D7F2A2196FD5100D1545F /* Products */,
			);
			sourceTree = "<group>";
		};
		EC1D7F2A2196FD5100D1545F /* Products */ = {
			isa = PBXGroup;
			children = (
				EC1D7F292196FD5100D1545F /* NetworkLocalStreaming.app */,
			);
			name = Products;
			sourceTree = "<group>";
		};
		EC1D7F2B2196FD5100D1545F /* NetworkLocalStreaming */ = {
			isa = PBXGroup;
			children = (
				EC1D7F2C2196FD5100D1545F /* AppDelegate.swift */,
				EC1D7F2E2196FD5100D1545F /* ViewController.swift */,
				EC1D7F402196FDD800D1545F /* Client.swift */,
				EC1D7F422196FDE300D1545F /* Server.swift */,
				EC4DA93C2197235D0059D22B /* Constants.swift */,
				EC1D7F3E2196FDAE00D1545F /* CIImage+compressedBy.swift */,
				EC1D7F442196FE2C00D1545F /* Interface */,
				EC1D7F452196FE3A00D1545F /* Resources */,
			);
			path = NetworkLocalStreaming;
			sourceTree = "<group>";
		};
		EC1D7F442196FE2C00D1545F /* Interface */ = {
			isa = PBXGroup;
			children = (
				EC1D7F302196FD5100D1545F /* Main.storyboard */,
				EC1D7F352196FD5200D1545F /* LaunchScreen.storyboard */,
			);
			path = Interface;
			sourceTree = "<group>";
		};
		EC1D7F452196FE3A00D1545F /* Resources */ = {
			isa = PBXGroup;
			children = (
				EC1D7F332196FD5200D1545F /* Assets.xcassets */,
				EC1D7F382196FD5200D1545F /* Info.plist */,
			);
			path = Resources;
			sourceTree = "<group>";
		};
/* End PBXGroup section */

/* Begin PBXNativeTarget section */
		EC1D7F282196FD5100D1545F /* NetworkLocalStreaming */ = {
			isa = PBXNativeTarget;
			buildConfigurationList = EC1D7F3B2196FD5200D1545F /* Build configuration list for PBXNativeTarget "NetworkLocalStreaming" */;
			buildPhases = (
				EC1D7F252196FD5100D1545F /* Sources */,
				EC1D7F262196FD5100D1545F /* Frameworks */,
				EC1D7F272196FD5100D1545F /* Resources */,
			);
			buildRules = (
			);
			dependencies = (
			);
			name = NetworkLocalStreaming;
			productName = NetworkLocalStreaming;
			productReference = EC1D7F292196FD5100D1545F /* NetworkLocalStreaming.app */;
			productType = "com.apple.product-type.application";
		};
/* End PBXNativeTarget section */

/* Begin PBXProject section */
		EC1D7F212196FD5100D1545F /* Project object */ = {
			isa = PBXProject;
			attributes = {
				LastSwiftUpdateCheck = 1010;
				LastUpgradeCheck = 1010;
				ORGANIZATIONNAME = "Ilya Gruzhevski";
				TargetAttributes = {
					EC1D7F282196FD5100D1545F = {
						CreatedOnToolsVersion = 10.1;
					};
				};
			};
			buildConfigurationList = EC1D7F242196FD5100D1545F /* Build configuration list for PBXProject "NetworkLocalStreaming" */;
			compatibilityVersion = "Xcode 9.3";
			developmentRegion = en;
			hasScannedForEncodings = 0;
			knownRegions = (
				en,
				Base,
			);
			mainGroup = EC1D7F202196FD5100D1545F;
			productRefGroup = EC1D7F2A2196FD5100D1545F /* Products */;
			projectDirPath = "";
			projectRoot = "";
			targets = (
				EC1D7F282196FD5100D1545F /* NetworkLocalStreaming */,
			);
		};
/* End PBXProject section */

/* Begin PBXResourcesBuildPhase section */
		EC1D7F272196FD5100D1545F /* Resources */ = {
			isa = PBXResourcesBuildPhase;
			buildActionMask = 2147483647;
			files = (
				EC1D7F372196FD5200D1545F /* LaunchScreen.storyboard in Resources */,
				EC1D7F342196FD5200D1545F /* Assets.xcassets in Resources */,
				EC1D7F322196FD5100D1545F /* Main.storyboard in Resources */,
			);
			runOnlyForDeploymentPostprocessing = 0;
		};
/* End PBXResourcesBuildPhase section */

/* Begin PBXSourcesBuildPhase section */
		EC1D7F252196FD5100D1545F /* Sources */ = {
			isa = PBXSourcesBuildPhase;
			buildActionMask = 2147483647;
			files = (
				EC1D7F432196FDE300D1545F /* Server.swift in Sources */,
				EC1D7F2F2196FD5100D1545F /* ViewController.swift in Sources */,
				EC1D7F3F2196FDAE00D1545F /* CIImage+compressedBy.swift in Sources */,
				EC1D7F412196FDD800D1545F /* Client.swift in Sources */,
				EC1D7F2D2196FD5100D1545F /* AppDelegate.swift in Sources */,
				EC4DA93D2197235D0059D22B /* Constants.swift in Sources */,
			);
			runOnlyForDeploymentPostprocessing = 0;
		};
/* End PBXSourcesBuildPhase section */

/* Begin PBXVariantGroup section */
		EC1D7F302196FD5100D1545F /* Main.storyboard */ = {
			isa = PBXVariantGroup;
			children = (
				EC1D7F312196FD5100D1545F /* Base */,
			);
			name = Main.storyboard;
			sourceTree = "<group>";
		};
		EC1D7F352196FD5200D1545F /* LaunchScreen.storyboard */ = {
			isa = PBXVariantGroup;
			children = (
				EC1D7F362196FD5200D1545F /* Base */,
			);
			name = LaunchScreen.storyboard;
			sourceTree = "<group>";
		};
/* End PBXVariantGroup section */

/* Begin XCBuildConfiguration section */
		EC1D7F392196FD5200D1545F /* Debug */ = {
			isa = XCBuildConfiguration;
			buildSettings = {
				ALWAYS_SEARCH_USER_PATHS = NO;
				CLANG_ANALYZER_NONNULL = YES;
				CLANG_ANALYZER_NUMBER_OBJECT_CONVERSION = YES_AGGRESSIVE;
				CLANG_CXX_LANGUAGE_STANDARD = "gnu++14";
				CLANG_CXX_LIBRARY = "libc++";
				CLANG_ENABLE_MODULES = YES;
				CLANG_ENABLE_OBJC_ARC = YES;
				CLANG_ENABLE_OBJC_WEAK = YES;
				CLANG_WARN_BLOCK_CAPTURE_AUTORELEASING = YES;
				CLANG_WARN_BOOL_CONVERSION = YES;
				CLANG_WARN_COMMA = YES;
				CLANG_WARN_CONSTANT_CONVERSION = YES;
				CLANG_WARN_DEPRECATED_OBJC_IMPLEMENTATIONS = YES;
				CLANG_WARN_DIRECT_OBJC_ISA_USAGE = YES_ERROR;
				CLANG_WARN_DOCUMENTATION_COMMENTS = YES;
				CLANG_WARN_EMPTY_BODY = YES;
				CLANG_WARN_ENUM_CONVERSION = YES;
				CLANG_WARN_INFINITE_RECURSION = YES;
				CLANG_WARN_INT_CONVERSION = YES;
				CLANG_WARN_NON_LITERAL_NULL_CONVERSION = YES;
				CLANG_WARN_OBJC_IMPLICIT_RETAIN_SELF = YES;
				CLANG_WARN_OBJC_LITERAL_CONVERSION = YES;
				CLANG_WARN_OBJC_ROOT_CLASS = YES_ERROR;
				CLANG_WARN_RANGE_LOOP_ANALYSIS = YES;
				CLANG_WARN_STRICT_PROTOTYPES = YES;
				CLANG_WARN_SUSPICIOUS_MOVE = YES;
				CLANG_WARN_UNGUARDED_AVAILABILITY = YES_AGGRESSIVE;
				CLANG_WARN_UNREACHABLE_CODE = YES;
				CLANG_WARN__DUPLICATE_METHOD_MATCH = YES;
				CODE_SIGN_IDENTITY = "iPhone Developer";
				COPY_PHASE_STRIP = NO;
				DEBUG_INFORMATION_FORMAT = dwarf;
				ENABLE_STRICT_OBJC_MSGSEND = YES;
				ENABLE_TESTABILITY = YES;
				GCC_C_LANGUAGE_STANDARD = gnu11;
				GCC_DYNAMIC_NO_PIC = NO;
				GCC_NO_COMMON_BLOCKS = YES;
				GCC_OPTIMIZATION_LEVEL = 0;
				GCC_PREPROCESSOR_DEFINITIONS = (
					"DEBUG=1",
					"$(inherited)",
				);
				GCC_WARN_64_TO_32_BIT_CONVERSION = YES;
				GCC_WARN_ABOUT_RETURN_TYPE = YES_ERROR;
				GCC_WARN_UNDECLARED_SELECTOR = YES;
				GCC_WARN_UNINITIALIZED_AUTOS = YES_AGGRESSIVE;
				GCC_WARN_UNUSED_FUNCTION = YES;
				GCC_WARN_UNUSED_VARIABLE = YES;
				IPHONEOS_DEPLOYMENT_TARGET = 12.0;
				MTL_ENABLE_DEBUG_INFO = INCLUDE_SOURCE;
				MTL_FAST_MATH = YES;
				ONLY_ACTIVE_ARCH = YES;
				SDKROOT = iphoneos;
				SWIFT_ACTIVE_COMPILATION_CONDITIONS = DEBUG;
				SWIFT_OPTIMIZATION_LEVEL = "-Onone";
			};
			name = Debug;
		};
		EC1D7F3A2196FD5200D1545F /* Release */ = {
			isa = XCBuildConfiguration;
			buildSettings = {
				ALWAYS_SEARCH_USER_PATHS = NO;
				CLANG_ANALYZER_NONNULL = YES;
				CLANG_ANALYZER_NUMBER_OBJECT_CONVERSION = YES_AGGRESSIVE;
				CLANG_CXX_LANGUAGE_STANDARD = "gnu++14";
				CLANG_CXX_LIBRARY = "libc++";
				CLANG_ENABLE_MODULES = YES;
				CLANG_ENABLE_OBJC_ARC = YES;
				CLANG_ENABLE_OBJC_WEAK = YES;
				CLANG_WARN_BLOCK_CAPTURE_AUTORELEASING = YES;
				CLANG_WARN_BOOL_CONVERSION = YES;
				CLANG_WARN_COMMA = YES;
				CLANG_WARN_CONSTANT_CONVERSION = YES;
				CLANG_WARN_DEPRECATED_OBJC_IMPLEMENTATIONS = YES;
				CLANG_WARN_DIRECT_OBJC_ISA_USAGE = YES_ERROR;
				CLANG_WARN_DOCUMENTATION_COMMENTS = YES;
				CLANG_WARN_EMPTY_BODY = YES;
				CLANG_WARN_ENUM_CONVERSION = YES;
				CLANG_WARN_INFINITE_RECURSION = YES;
				CLANG_WARN_INT_CONVERSION = YES;
				CLANG_WARN_NON_LITERAL_NULL_CONVERSION = YES;
				CLANG_WARN_OBJC_IMPLICIT_RETAIN_SELF = YES;
				CLANG_WARN_OBJC_LITERAL_CONVERSION = YES;
				CLANG_WARN_OBJC_ROOT_CLASS = YES_ERROR;
				CLANG_WARN_RANGE_LOOP_ANALYSIS = YES;
				CLANG_WARN_STRICT_PROTOTYPES = YES;
				CLANG_WARN_SUSPICIOUS_MOVE = YES;
				CLANG_WARN_UNGUARDED_AVAILABILITY = YES_AGGRESSIVE;
				CLANG_WARN_UNREACHABLE_CODE = YES;
				CLANG_WARN__DUPLICATE_METHOD_MATCH = YES;
				CODE_SIGN_IDENTITY = "iPhone Developer";
				COPY_PHASE_STRIP = NO;
				DEBUG_INFORMATION_FORMAT = "dwarf-with-dsym";
				ENABLE_NS_ASSERTIONS = NO;
				ENABLE_STRICT_OBJC_MSGSEND = YES;
				GCC_C_LANGUAGE_STANDARD = gnu11;
				GCC_NO_COMMON_BLOCKS = YES;
				GCC_WARN_64_TO_32_BIT_CONVERSION = YES;
				GCC_WARN_ABOUT_RETURN_TYPE = YES_ERROR;
				GCC_WARN_UNDECLARED_SELECTOR = YES;
				GCC_WARN_UNINITIALIZED_AUTOS = YES_AGGRESSIVE;
				GCC_WARN_UNUSED_FUNCTION = YES;
				GCC_WARN_UNUSED_VARIABLE = YES;
				IPHONEOS_DEPLOYMENT_TARGET = 12.0;
				MTL_ENABLE_DEBUG_INFO = NO;
				MTL_FAST_MATH = YES;
				SDKROOT = iphoneos;
				SWIFT_COMPILATION_MODE = wholemodule;
				SWIFT_OPTIMIZATION_LEVEL = "-O";
				VALIDATE_PRODUCT = YES;
			};
			name = Release;
		};
		EC1D7F3C2196FD5200D1545F /* Debug */ = {
			isa = XCBuildConfiguration;
			buildSettings = {
				ASSETCATALOG_COMPILER_APPICON_NAME = AppIcon;
				CODE_SIGN_STYLE = Automatic;
				DEVELOPMENT_TEAM = RT25K5Z9GV;
				INFOPLIST_FILE = "$(SRCROOT)/NetworkLocalStreaming/Resources/Info.plist";
				LD_RUNPATH_SEARCH_PATHS = (
					"$(inherited)",
					"@executable_path/Frameworks",
				);
				PRODUCT_BUNDLE_IDENTIFIER = com.ilyagru.NetworkLocalStreaming;
				PRODUCT_NAME = "$(TARGET_NAME)";
				SWIFT_VERSION = 4.2;
				TARGETED_DEVICE_FAMILY = "1,2";
			};
			name = Debug;
		};
		EC1D7F3D2196FD5200D1545F /* Release */ = {
			isa = XCBuildConfiguration;
			buildSettings = {
				ASSETCATALOG_COMPILER_APPICON_NAME = AppIcon;
				CODE_SIGN_STYLE = Automatic;
				DEVELOPMENT_TEAM = RT25K5Z9GV;
				INFOPLIST_FILE = "$(SRCROOT)/NetworkLocalStreaming/Resources/Info.plist";
				LD_RUNPATH_SEARCH_PATHS = (
					"$(inherited)",
					"@executable_path/Frameworks",
				);
				PRODUCT_BUNDLE_IDENTIFIER = com.ilyagru.NetworkLocalStreaming;
				PRODUCT_NAME = "$(TARGET_NAME)";
				SWIFT_VERSION = 4.2;
				TARGETED_DEVICE_FAMILY = "1,2";
			};
			name = Release;
		};
/* End XCBuildConfiguration section */

/* Begin XCConfigurationList section */
		EC1D7F242196FD5100D1545F /* Build configuration list for PBXProject "NetworkLocalStreaming" */ = {
			isa = XCConfigurationList;
			buildConfigurations = (
				EC1D7F392196FD5200D1545F /* Debug */,
				EC1D7F3A2196FD5200D1545F /* Release */,
			);
			defaultConfigurationIsVisible = 0;
			defaultConfigurationName = Release;
		};
		EC1D7F3B2196FD5200D1545F /* Build configuration list for PBXNativeTarget "NetworkLocalStreaming" */ = {
			isa = XCConfigurationList;
			buildConfigurations = (
				EC1D7F3C2196FD5200D1545F /* Debug */,
				EC1D7F3D2196FD5200D1545F /* Release */,
			);
			defaultConfigurationIsVisible = 0;
			defaultConfigurationName = Release;
		};
/* End XCConfigurationList section */
	};
	rootObject = EC1D7F212196FD5100D1545F /* Project object */;
}
